
Microsoft Visual Studio Solution File, Format Version 12.00
# Visual Studio Version 17
VisualStudioVersion = 17.14.36121.58 d17.14
MinimumVisualStudioVersion = 10.0.40219.1
Project("{FAE04EC0-301F-11D3-BF4B-00C04F79EFBC}") = "FlexiSeat", "FlexiSeat\FlexiSeat.csproj", "{724852E5-6375-4F39-9A56-0F8EF48F6CF5}"
EndProject
Global
	GlobalSection(SolutionConfigurationPlatforms) = preSolution
		Debug|Any CPU = Debug|Any CPU
		Release|Any CPU = Release|Any CPU
	EndGlobalSection
	GlobalSection(ProjectConfigurationPlatforms) = postSolution
		{724852E5-6375-4F39-9A56-0F8EF48F6CF5}.Debug|Any CPU.ActiveCfg = Debug|Any CPU
		{724852E5-6375-4F39-9A56-0F8EF48F6CF5}.Debug|Any CPU.Build.0 = Debug|Any CPU
		{724852E5-6375-4F39-9A56-0F8EF48F6CF5}.Release|Any CPU.ActiveCfg = Release|Any CPU
		{724852E5-6375-4F39-9A56-0F8EF48F6CF5}.Release|Any CPU.Build.0 = Release|Any CPU
	EndGlobalSection
	GlobalSection(SolutionProperties) = preSolution
		HideSolutionNode = FALSE
	EndGlobalSection
	GlobalSection(ExtensibilityGlobals) = postSolution
		SolutionGuid = {62F6D753-CD96-4D98-ABA8-7471E810BD26}
	EndGlobalSection
EndGlobal
